
Microsoft Visual Studio Solution File, Format Version 12.00
# Visual Studio 15
VisualStudioVersion = 15.0.27130.2027
MinimumVisualStudioVersion = 10.0.40219.1
Project("{8BC9CEB8-8B4A-11D0-8D11-00A0C91BC942}") = "Shooting_Practice", "Shooting_Practice\Shooting_Practice.vcxproj", "{601F9EBA-5DDF-4FA4-86C3-7400777B7B50}"
EndProject
Global
	GlobalSection(SolutionConfigurationPlatforms) = preSolution
		Debug|x64 = Debug|x64
		Debug|x86 = Debug|x86
		Release|x64 = Release|x64
		Release|x86 = Release|x86
	EndGlobalSection
	GlobalSection(ProjectConfigurationPlatforms) = postSolution
		{601F9EBA-5DDF-4FA4-86C3-7400777B7B50}.Debug|x64.ActiveCfg = Debug|x64
		{601F9EBA-5DDF-4FA4-86C3-7400777B7B50}.Debug|x64.Build.0 = Debug|x64
		{601F9EBA-5DDF-4FA4-86C3-7400777B7B50}.Debug|x86.ActiveCfg = Debug|Win32
		{601F9EBA-5DDF-4FA4-86C3-7400777B7B50}.Debug|x86.Build.0 = Debug|Win32
		{601F9EBA-5DDF-4FA4-86C3-7400777B7B50}.Release|x64.ActiveCfg = Release|x64
		{601F9EBA-5DDF-4FA4-86C3-7400777B7B50}.Release|x64.Build.0 = Release|x64
		{601F9EBA-5DDF-4FA4-86C3-7400777B7B50}.Release|x86.ActiveCfg = Release|Win32
		{601F9EBA-5DDF-4FA4-86C3-7400777B7B50}.Release|x86.Build.0 = Release|Win32
	EndGlobalSection
	GlobalSection(SolutionProperties) = preSolution
		HideSolutionNode = FALSE
	EndGlobalSection
	GlobalSection(ExtensibilityGlobals) = postSolution
		SolutionGuid = {8AAF2765-D0BA-4344-B4A4-F70A469194F1}
	EndGlobalSection
EndGlobal
